<?xml version="1.0" encoding="utf-8"?>
<Project ToolsVersion="4.0" xmlns="http://schemas.microsoft.com/developer/msbuild/2003">
  <ItemGroup>
    <Filter Include="Chromaria">
      <UniqueIdentifier>{9BD7B3BB-0742-6832-5080-19D8BC294687}</UniqueIdentifier>
    </Filter>
    <Filter Include="Chromaria\Events">
      <UniqueIdentifier>{1F876D55-0B80-8CA7-34B2-712C200A6CB3}</UniqueIdentifier>
    </Filter>
    <Filter Include="Chromaria\ImGui">
      <UniqueIdentifier>{055584AD-71E0-F171-7AF1-7466E6FB4D72}</UniqueIdentifier>
    </Filter>
    <Filter Include="Platform">
      <UniqueIdentifier>{2AC788B4-1694-E3BF-3FAD-D1672BD9184E}</UniqueIdentifier>
    </Filter>
    <Filter Include="Platform\OpenGL">
      <UniqueIdentifier>{1E7D2C1D-8A08-9AE1-9319-1DD6FF23F6E1}</UniqueIdentifier>
    </Filter>
    <Filter Include="Platform\Windows">
      <UniqueIdentifier>{64FBD71A-50F4-F66C-7926-DCF1657ED678}</UniqueIdentifier>
    </Filter>
  </ItemGroup>
  <ItemGroup>
    <ClInclude Include="src\Chromaria.h" />
    <ClInclude Include="src\Chromaria\Application.h">
      <Filter>Chromaria</Filter>
    </ClInclude>
    <ClInclude Include="src\Chromaria\Core.h">
      <Filter>Chromaria</Filter>
    </ClInclude>
    <ClInclude Include="src\Chromaria\EntryPoint.h">
      <Filter>Chromaria</Filter>
    </ClInclude>
    <ClInclude Include="src\Chromaria\Events\ApplicationEvent.h">
      <Filter>Chromaria\Events</Filter>
    </ClInclude>
    <ClInclude Include="src\Chromaria\Events\Event.h">
      <Filter>Chromaria\Events</Filter>
    </ClInclude>
    <ClInclude Include="src\Chromaria\Events\KeyEvent.h">
      <Filter>Chromaria\Events</Filter>
    </ClInclude>
    <ClInclude Include="src\Chromaria\Events\MouseEvent.h">
      <Filter>Chromaria\Events</Filter>
    </ClInclude>
    <ClInclude Include="src\Chromaria\ImGui\ImGuiLayer.h">
      <Filter>Chromaria\ImGui</Filter>
    </ClInclude>
    <ClInclude Include="src\Chromaria\Layer.h">
      <Filter>Chromaria</Filter>
    </ClInclude>
    <ClInclude Include="src\Chromaria\LayerStack.h">
      <Filter>Chromaria</Filter>
    </ClInclude>
    <ClInclude Include="src\Chromaria\Log.h">
      <Filter>Chromaria</Filter>
    </ClInclude>
    <ClInclude Include="src\Chromaria\Window.h">
      <Filter>Chromaria</Filter>
    </ClInclude>
    <ClInclude Include="src\Platform\OpenGL\ImGuiOpenGLRenderer.h">
      <Filter>Platform\OpenGL</Filter>
    </ClInclude>
    <ClInclude Include="src\Platform\Windows\WindowsWindow.h">
      <Filter>Platform\Windows</Filter>
    </ClInclude>
    <ClInclude Include="src\cmpch.h" />
  </ItemGroup>
  <ItemGroup>
    <ClCompile Include="src\Chromaria\Application.cpp">
      <Filter>Chromaria</Filter>
    </ClCompile>
    <ClCompile Include="src\Chromaria\ImGui\ImGuiLayer.cpp">
      <Filter>Chromaria\ImGui</Filter>
    </ClCompile>
    <ClCompile Include="src\Chromaria\Layer.cpp">
      <Filter>Chromaria</Filter>
    </ClCompile>
    <ClCompile Include="src\Chromaria\LayerStack.cpp">
      <Filter>Chromaria</Filter>
    </ClCompile>
    <ClCompile Include="src\Chromaria\Log.cpp">
      <Filter>Chromaria</Filter>
    </ClCompile>
    <ClCompile Include="src\Platform\OpenGL\ImGuiOpenGLRenderer.cpp">
      <Filter>Platform\OpenGL</Filter>
    </ClCompile>
    <ClCompile Include="src\Platform\Windows\WindowsWindow.cpp">
      <Filter>Platform\Windows</Filter>
    </ClCompile>
    <ClCompile Include="src\cmpch.cpp" />
  </ItemGroup>
</Project>